// !$*UTF8*$!
{
	archiveVersion = 1;
	classes = {
	};
	objectVersion = 46;
	objects = {

/* Begin PBXBuildFile section */
		371E65CD1BF9301E009A1040 /* AppDelegate.swift in Sources */ = {isa = PBXBuildFile; fileRef = 371E65CC1BF9301E009A1040 /* AppDelegate.swift */; };
		371E65D21BF9301E009A1040 /* Main.storyboard in Resources */ = {isa = PBXBuildFile; fileRef = 371E65D01BF9301E009A1040 /* Main.storyboard */; };
		371E65D41BF9301E009A1040 /* Assets.xcassets in Resources */ = {isa = PBXBuildFile; fileRef = 371E65D31BF9301E009A1040 /* Assets.xcassets */; };
		371E65D71BF9301E009A1040 /* LaunchScreen.storyboard in Resources */ = {isa = PBXBuildFile; fileRef = 371E65D51BF9301E009A1040 /* LaunchScreen.storyboard */; };
		371E65E11BF932A6009A1040 /* bson.framework in Frameworks */ = {isa = PBXBuildFile; fileRef = 371E65DE1BF932A6009A1040 /* bson.framework */; };
		371E65E21BF932A6009A1040 /* bson.framework in Embed Frameworks */ = {isa = PBXBuildFile; fileRef = 371E65DE1BF932A6009A1040 /* bson.framework */; settings = {ATTRIBUTES = (CodeSignOnCopy, RemoveHeadersOnCopy, ); }; };
		371E65E31BF932A6009A1040 /* mongoc.framework in Frameworks */ = {isa = PBXBuildFile; fileRef = 371E65DF1BF932A6009A1040 /* mongoc.framework */; };
		371E65E41BF932A6009A1040 /* mongoc.framework in Embed Frameworks */ = {isa = PBXBuildFile; fileRef = 371E65DF1BF932A6009A1040 /* mongoc.framework */; settings = {ATTRIBUTES = (CodeSignOnCopy, RemoveHeadersOnCopy, ); }; };
		371E65E51BF932A6009A1040 /* SwiftMongoDB.framework in Frameworks */ = {isa = PBXBuildFile; fileRef = 371E65E01BF932A6009A1040 /* SwiftMongoDB.framework */; };
		371E65E61BF932A6009A1040 /* SwiftMongoDB.framework in Embed Frameworks */ = {isa = PBXBuildFile; fileRef = 371E65E01BF932A6009A1040 /* SwiftMongoDB.framework */; settings = {ATTRIBUTES = (CodeSignOnCopy, RemoveHeadersOnCopy, ); }; };
		371E65F21BF94141009A1040 /* RATreeView.framework in Frameworks */ = {isa = PBXBuildFile; fileRef = 371E65F11BF94141009A1040 /* RATreeView.framework */; };
		371E65F31BF94141009A1040 /* RATreeView.framework in Embed Frameworks */ = {isa = PBXBuildFile; fileRef = 371E65F11BF94141009A1040 /* RATreeView.framework */; settings = {ATTRIBUTES = (CodeSignOnCopy, RemoveHeadersOnCopy, ); }; };
		371E66031BF94237009A1040 /* CollectionsTableViewController.swift in Sources */ = {isa = PBXBuildFile; fileRef = 371E65FC1BF94237009A1040 /* CollectionsTableViewController.swift */; };
		371E66041BF94237009A1040 /* DatabasesTableViewController.swift in Sources */ = {isa = PBXBuildFile; fileRef = 371E65FD1BF94237009A1040 /* DatabasesTableViewController.swift */; };
		371E66051BF94237009A1040 /* DocumentTreeViewController.swift in Sources */ = {isa = PBXBuildFile; fileRef = 371E65FE1BF94237009A1040 /* DocumentTreeViewController.swift */; };
		371E66061BF94237009A1040 /* ConnectViewController.swift in Sources */ = {isa = PBXBuildFile; fileRef = 371E65FF1BF94237009A1040 /* ConnectViewController.swift */; };
		371E66071BF94237009A1040 /* CollectionsTableViewCell.swift in Sources */ = {isa = PBXBuildFile; fileRef = 371E66011BF94237009A1040 /* CollectionsTableViewCell.swift */; };
		371E66081BF94237009A1040 /* DatabaseTableViewCell.swift in Sources */ = {isa = PBXBuildFile; fileRef = 371E66021BF94237009A1040 /* DatabaseTableViewCell.swift */; };
		371E660B1BF9462A009A1040 /* DocumentTreeTableViewCell.swift in Sources */ = {isa = PBXBuildFile; fileRef = 371E66091BF9462A009A1040 /* DocumentTreeTableViewCell.swift */; };
		371E66111BF9524C009A1040 /* DocumentTreeData.swift in Sources */ = {isa = PBXBuildFile; fileRef = 371E66101BF9524C009A1040 /* DocumentTreeData.swift */; };
		378D78901BFBB64E0028C57D /* DocumentViewModel.swift in Sources */ = {isa = PBXBuildFile; fileRef = 378D788F1BFBB64E0028C57D /* DocumentViewModel.swift */; };
		378D78921BFBBDC40028C57D /* Bond.framework in Frameworks */ = {isa = PBXBuildFile; fileRef = 378D78911BFBBDC30028C57D /* Bond.framework */; };
		378D78931BFBBDC40028C57D /* Bond.framework in Embed Frameworks */ = {isa = PBXBuildFile; fileRef = 378D78911BFBBDC30028C57D /* Bond.framework */; settings = {ATTRIBUTES = (CodeSignOnCopy, RemoveHeadersOnCopy, ); }; };
		37B287651BFD4B8B005E7BDF /* QueryViewController.swift in Sources */ = {isa = PBXBuildFile; fileRef = 37B287641BFD4B8B005E7BDF /* QueryViewController.swift */; };
		37B287671BFD615B005E7BDF /* QueryViewModel.swift in Sources */ = {isa = PBXBuildFile; fileRef = 37B287661BFD615B005E7BDF /* QueryViewModel.swift */; };
		37ED6BC41BFD29D000D2E36E /* SnapKit.framework in Frameworks */ = {isa = PBXBuildFile; fileRef = 37ED6BC31BFD29D000D2E36E /* SnapKit.framework */; };
		37ED6BC51BFD29D000D2E36E /* SnapKit.framework in Embed Frameworks */ = {isa = PBXBuildFile; fileRef = 37ED6BC31BFD29D000D2E36E /* SnapKit.framework */; settings = {ATTRIBUTES = (CodeSignOnCopy, RemoveHeadersOnCopy, ); }; };
/* End PBXBuildFile section */

/* Begin PBXCopyFilesBuildPhase section */
		371E65E71BF932A7009A1040 /* Embed Frameworks */ = {
			isa = PBXCopyFilesBuildPhase;
			buildActionMask = 2147483647;
			dstPath = "";
			dstSubfolderSpec = 10;
			files = (
				371E65E21BF932A6009A1040 /* bson.framework in Embed Frameworks */,
				371E65E41BF932A6009A1040 /* mongoc.framework in Embed Frameworks */,
				371E65F31BF94141009A1040 /* RATreeView.framework in Embed Frameworks */,
				37ED6BC51BFD29D000D2E36E /* SnapKit.framework in Embed Frameworks */,
				371E65E61BF932A6009A1040 /* SwiftMongoDB.framework in Embed Frameworks */,
				378D78931BFBBDC40028C57D /* Bond.framework in Embed Frameworks */,
			);
			name = "Embed Frameworks";
			runOnlyForDeploymentPostprocessing = 0;
		};
/* End PBXCopyFilesBuildPhase section */

/* Begin PBXFileReference section */
		371E65C91BF9301E009A1040 /* MongoDBExplorer.app */ = {isa = PBXFileReference; explicitFileType = wrapper.application; includeInIndex = 0; path = MongoDBExplorer.app; sourceTree = BUILT_PRODUCTS_DIR; };
		371E65CC1BF9301E009A1040 /* AppDelegate.swift */ = {isa = PBXFileReference; lastKnownFileType = sourcecode.swift; path = AppDelegate.swift; sourceTree = "<group>"; };
		371E65D11BF9301E009A1040 /* Base */ = {isa = PBXFileReference; lastKnownFileType = file.storyboard; name = Base; path = Base.lproj/Main.storyboard; sourceTree = "<group>"; };
		371E65D31BF9301E009A1040 /* Assets.xcassets */ = {isa = PBXFileReference; lastKnownFileType = folder.assetcatalog; path = Assets.xcassets; sourceTree = "<group>"; };
		371E65D61BF9301E009A1040 /* Base */ = {isa = PBXFileReference; lastKnownFileType = file.storyboard; name = Base; path = Base.lproj/LaunchScreen.storyboard; sourceTree = "<group>"; };
		371E65D81BF9301E009A1040 /* Info.plist */ = {isa = PBXFileReference; lastKnownFileType = text.plist.xml; path = Info.plist; sourceTree = "<group>"; };
		371E65DE1BF932A6009A1040 /* bson.framework */ = {isa = PBXFileReference; lastKnownFileType = wrapper.framework; name = bson.framework; path = Carthage/Build/iOS/bson.framework; sourceTree = "<group>"; };
		371E65DF1BF932A6009A1040 /* mongoc.framework */ = {isa = PBXFileReference; lastKnownFileType = wrapper.framework; name = mongoc.framework; path = Carthage/Build/iOS/mongoc.framework; sourceTree = "<group>"; };
		371E65E01BF932A6009A1040 /* SwiftMongoDB.framework */ = {isa = PBXFileReference; lastKnownFileType = wrapper.framework; name = SwiftMongoDB.framework; path = Carthage/Build/iOS/SwiftMongoDB.framework; sourceTree = "<group>"; };
		371E65F11BF94141009A1040 /* RATreeView.framework */ = {isa = PBXFileReference; lastKnownFileType = wrapper.framework; name = RATreeView.framework; path = Carthage/Build/iOS/RATreeView.framework; sourceTree = "<group>"; };
		371E65FC1BF94237009A1040 /* CollectionsTableViewController.swift */ = {isa = PBXFileReference; fileEncoding = 4; lastKnownFileType = sourcecode.swift; path = CollectionsTableViewController.swift; sourceTree = "<group>"; };
		371E65FD1BF94237009A1040 /* DatabasesTableViewController.swift */ = {isa = PBXFileReference; fileEncoding = 4; lastKnownFileType = sourcecode.swift; path = DatabasesTableViewController.swift; sourceTree = "<group>"; };
		371E65FE1BF94237009A1040 /* DocumentTreeViewController.swift */ = {isa = PBXFileReference; fileEncoding = 4; lastKnownFileType = sourcecode.swift; path = DocumentTreeViewController.swift; sourceTree = "<group>"; };
		371E65FF1BF94237009A1040 /* ConnectViewController.swift */ = {isa = PBXFileReference; fileEncoding = 4; lastKnownFileType = sourcecode.swift; path = ConnectViewController.swift; sourceTree = "<group>"; };
		371E66011BF94237009A1040 /* CollectionsTableViewCell.swift */ = {isa = PBXFileReference; fileEncoding = 4; lastKnownFileType = sourcecode.swift; path = CollectionsTableViewCell.swift; sourceTree = "<group>"; };
		371E66021BF94237009A1040 /* DatabaseTableViewCell.swift */ = {isa = PBXFileReference; fileEncoding = 4; lastKnownFileType = sourcecode.swift; path = DatabaseTableViewCell.swift; sourceTree = "<group>"; };
		371E66091BF9462A009A1040 /* DocumentTreeTableViewCell.swift */ = {isa = PBXFileReference; fileEncoding = 4; lastKnownFileType = sourcecode.swift; path = DocumentTreeTableViewCell.swift; sourceTree = "<group>"; };
		371E66101BF9524C009A1040 /* DocumentTreeData.swift */ = {isa = PBXFileReference; fileEncoding = 4; lastKnownFileType = sourcecode.swift; path = DocumentTreeData.swift; sourceTree = "<group>"; };
		378D788F1BFBB64E0028C57D /* DocumentViewModel.swift */ = {isa = PBXFileReference; fileEncoding = 4; lastKnownFileType = sourcecode.swift; path = DocumentViewModel.swift; sourceTree = "<group>"; };
		378D78911BFBBDC30028C57D /* Bond.framework */ = {isa = PBXFileReference; lastKnownFileType = wrapper.framework; name = Bond.framework; path = Carthage/Build/iOS/Bond.framework; sourceTree = "<group>"; };
		37B287641BFD4B8B005E7BDF /* QueryViewController.swift */ = {isa = PBXFileReference; fileEncoding = 4; lastKnownFileType = sourcecode.swift; path = QueryViewController.swift; sourceTree = "<group>"; };
		37B287661BFD615B005E7BDF /* QueryViewModel.swift */ = {isa = PBXFileReference; fileEncoding = 4; lastKnownFileType = sourcecode.swift; path = QueryViewModel.swift; sourceTree = "<group>"; };
		37ED6BC31BFD29D000D2E36E /* SnapKit.framework */ = {isa = PBXFileReference; lastKnownFileType = wrapper.framework; name = SnapKit.framework; path = Carthage/Build/iOS/SnapKit.framework; sourceTree = "<group>"; };
/* End PBXFileReference section */

/* Begin PBXFrameworksBuildPhase section */
		371E65C61BF9301E009A1040 /* Frameworks */ = {
			isa = PBXFrameworksBuildPhase;
			buildActionMask = 2147483647;
			files = (
				371E65E11BF932A6009A1040 /* bson.framework in Frameworks */,
				371E65E31BF932A6009A1040 /* mongoc.framework in Frameworks */,
				371E65F21BF94141009A1040 /* RATreeView.framework in Frameworks */,
				37ED6BC41BFD29D000D2E36E /* SnapKit.framework in Frameworks */,
				371E65E51BF932A6009A1040 /* SwiftMongoDB.framework in Frameworks */,
				378D78921BFBBDC40028C57D /* Bond.framework in Frameworks */,
			);
			runOnlyForDeploymentPostprocessing = 0;
		};
/* End PBXFrameworksBuildPhase section */

/* Begin PBXGroup section */
		371E65C01BF9301E009A1040 = {
			isa = PBXGroup;
			children = (
				371E65CB1BF9301E009A1040 /* MongoDBExplorer */,
				371E65F41BF94145009A1040 /* Frameworks */,
				371E65CA1BF9301E009A1040 /* Products */,
			);
			sourceTree = "<group>";
		};
		371E65CA1BF9301E009A1040 /* Products */ = {
			isa = PBXGroup;
			children = (
				371E65C91BF9301E009A1040 /* MongoDBExplorer.app */,
			);
			name = Products;
			sourceTree = "<group>";
		};
		371E65CB1BF9301E009A1040 /* MongoDBExplorer */ = {
			isa = PBXGroup;
			children = (
				371E65FB1BF94237009A1040 /* Controllers */,
				378D788E1BFBB6210028C57D /* ViewModels */,
				371E66001BF94237009A1040 /* Views */,
				371E660F1BF9524C009A1040 /* Models */,
				371E65D01BF9301E009A1040 /* Main.storyboard */,
				371E65EE1BF93963009A1040 /* Supporting Files */,
			);
			path = MongoDBExplorer;
			sourceTree = "<group>";
		};
		371E65EE1BF93963009A1040 /* Supporting Files */ = {
			isa = PBXGroup;
			children = (
				371E65CC1BF9301E009A1040 /* AppDelegate.swift */,
				371E65D31BF9301E009A1040 /* Assets.xcassets */,
				371E65D51BF9301E009A1040 /* LaunchScreen.storyboard */,
				371E65D81BF9301E009A1040 /* Info.plist */,
			);
			name = "Supporting Files";
			sourceTree = "<group>";
		};
		371E65F41BF94145009A1040 /* Frameworks */ = {
			isa = PBXGroup;
			children = (
				37ED6BC31BFD29D000D2E36E /* SnapKit.framework */,
				378D78911BFBBDC30028C57D /* Bond.framework */,
				371E65F11BF94141009A1040 /* RATreeView.framework */,
				371E65DE1BF932A6009A1040 /* bson.framework */,
				371E65DF1BF932A6009A1040 /* mongoc.framework */,
				371E65E01BF932A6009A1040 /* SwiftMongoDB.framework */,
			);
			name = Frameworks;
			sourceTree = "<group>";
		};
		371E65FB1BF94237009A1040 /* Controllers */ = {
			isa = PBXGroup;
			children = (
				371E65FF1BF94237009A1040 /* ConnectViewController.swift */,
				371E65FD1BF94237009A1040 /* DatabasesTableViewController.swift */,
				371E65FC1BF94237009A1040 /* CollectionsTableViewController.swift */,
				371E65FE1BF94237009A1040 /* DocumentTreeViewController.swift */,
				37B287641BFD4B8B005E7BDF /* QueryViewController.swift */,
			);
			path = Controllers;
			sourceTree = "<group>";
		};
		371E66001BF94237009A1040 /* Views */ = {
			isa = PBXGroup;
			children = (
				371E66011BF94237009A1040 /* CollectionsTableViewCell.swift */,
				371E66021BF94237009A1040 /* DatabaseTableViewCell.swift */,
				371E66091BF9462A009A1040 /* DocumentTreeTableViewCell.swift */,
			);
			path = Views;
			sourceTree = "<group>";
		};
		371E660F1BF9524C009A1040 /* Models */ = {
			isa = PBXGroup;
			children = (
				371E66101BF9524C009A1040 /* DocumentTreeData.swift */,
			);
			path = Models;
			sourceTree = "<group>";
		};
		378D788E1BFBB6210028C57D /* ViewModels */ = {
			isa = PBXGroup;
			children = (
				378D788F1BFBB64E0028C57D /* DocumentViewModel.swift */,
				37B287661BFD615B005E7BDF /* QueryViewModel.swift */,
			);
			path = ViewModels;
			sourceTree = "<group>";
		};
/* End PBXGroup section */

/* Begin PBXNativeTarget section */
		371E65C81BF9301E009A1040 /* MongoDBExplorer */ = {
			isa = PBXNativeTarget;
			buildConfigurationList = 371E65DB1BF9301E009A1040 /* Build configuration list for PBXNativeTarget "MongoDBExplorer" */;
			buildPhases = (
				371E65C51BF9301E009A1040 /* Sources */,
				371E65C61BF9301E009A1040 /* Frameworks */,
				371E65C71BF9301E009A1040 /* Resources */,
				371E65E71BF932A7009A1040 /* Embed Frameworks */,
			);
			buildRules = (
			);
			dependencies = (
			);
			name = MongoDBExplorer;
			productName = MongoDBExplorer;
			productReference = 371E65C91BF9301E009A1040 /* MongoDBExplorer.app */;
			productType = "com.apple.product-type.application";
		};
/* End PBXNativeTarget section */

/* Begin PBXProject section */
		371E65C11BF9301E009A1040 /* Project object */ = {
			isa = PBXProject;
			attributes = {
				LastSwiftUpdateCheck = 0720;
				LastUpgradeCheck = 0720;
				ORGANIZATIONNAME = "Dan Appel";
				TargetAttributes = {
					371E65C81BF9301E009A1040 = {
						CreatedOnToolsVersion = 7.2;
					};
				};
			};
			buildConfigurationList = 371E65C41BF9301E009A1040 /* Build configuration list for PBXProject "MongoDBExplorer" */;
			compatibilityVersion = "Xcode 3.2";
			developmentRegion = English;
			hasScannedForEncodings = 0;
			knownRegions = (
				en,
				Base,
			);
			mainGroup = 371E65C01BF9301E009A1040;
			productRefGroup = 371E65CA1BF9301E009A1040 /* Products */;
			projectDirPath = "";
			projectRoot = "";
			targets = (
				371E65C81BF9301E009A1040 /* MongoDBExplorer */,
			);
		};
/* End PBXProject section */

/* Begin PBXResourcesBuildPhase section */
		371E65C71BF9301E009A1040 /* Resources */ = {
			isa = PBXResourcesBuildPhase;
			buildActionMask = 2147483647;
			files = (
				371E65D71BF9301E009A1040 /* LaunchScreen.storyboard in Resources */,
				371E65D41BF9301E009A1040 /* Assets.xcassets in Resources */,
				371E65D21BF9301E009A1040 /* Main.storyboard in Resources */,
			);
			runOnlyForDeploymentPostprocessing = 0;
		};
/* End PBXResourcesBuildPhase section */

/* Begin PBXSourcesBuildPhase section */
		371E65C51BF9301E009A1040 /* Sources */ = {
			isa = PBXSourcesBuildPhase;
			buildActionMask = 2147483647;
			files = (
				371E66061BF94237009A1040 /* ConnectViewController.swift in Sources */,
				378D78901BFBB64E0028C57D /* DocumentViewModel.swift in Sources */,
				371E65CD1BF9301E009A1040 /* AppDelegate.swift in Sources */,
				371E66081BF94237009A1040 /* DatabaseTableViewCell.swift in Sources */,
				371E66031BF94237009A1040 /* CollectionsTableViewController.swift in Sources */,
				371E660B1BF9462A009A1040 /* DocumentTreeTableViewCell.swift in Sources */,
				371E66051BF94237009A1040 /* DocumentTreeViewController.swift in Sources */,
				37B287651BFD4B8B005E7BDF /* QueryViewController.swift in Sources */,
				371E66111BF9524C009A1040 /* DocumentTreeData.swift in Sources */,
				37B287671BFD615B005E7BDF /* QueryViewModel.swift in Sources */,
				371E66041BF94237009A1040 /* DatabasesTableViewController.swift in Sources */,
				371E66071BF94237009A1040 /* CollectionsTableViewCell.swift in Sources */,
			);
			runOnlyForDeploymentPostprocessing = 0;
		};
/* End PBXSourcesBuildPhase section */

/* Begin PBXVariantGroup section */
		371E65D01BF9301E009A1040 /* Main.storyboard */ = {
			isa = PBXVariantGroup;
			children = (
				371E65D11BF9301E009A1040 /* Base */,
			);
			name = Main.storyboard;
			sourceTree = "<group>";
		};
		371E65D51BF9301E009A1040 /* LaunchScreen.storyboard */ = {
			isa = PBXVariantGroup;
			children = (
				371E65D61BF9301E009A1040 /* Base */,
			);
			name = LaunchScreen.storyboard;
			sourceTree = "<group>";
		};
/* End PBXVariantGroup section */

/* Begin XCBuildConfiguration section */
		371E65D91BF9301E009A1040 /* Debug */ = {
			isa = XCBuildConfiguration;
			buildSettings = {
				ALWAYS_SEARCH_USER_PATHS = NO;
				CLANG_CXX_LANGUAGE_STANDARD = "gnu++0x";
				CLANG_CXX_LIBRARY = "libc++";
				CLANG_ENABLE_MODULES = YES;
				CLANG_ENABLE_OBJC_ARC = YES;
				CLANG_WARN_BOOL_CONVERSION = YES;
				CLANG_WARN_CONSTANT_CONVERSION = YES;
				CLANG_WARN_DIRECT_OBJC_ISA_USAGE = YES_ERROR;
				CLANG_WARN_EMPTY_BODY = YES;
				CLANG_WARN_ENUM_CONVERSION = YES;
				CLANG_WARN_INT_CONVERSION = YES;
				CLANG_WARN_OBJC_ROOT_CLASS = YES_ERROR;
				CLANG_WARN_UNREACHABLE_CODE = YES;
				CLANG_WARN__DUPLICATE_METHOD_MATCH = YES;
				"CODE_SIGN_IDENTITY[sdk=iphoneos*]" = "iPhone Developer";
				COPY_PHASE_STRIP = NO;
				DEBUG_INFORMATION_FORMAT = dwarf;
				ENABLE_STRICT_OBJC_MSGSEND = YES;
				ENABLE_TESTABILITY = YES;
				GCC_C_LANGUAGE_STANDARD = gnu99;
				GCC_DYNAMIC_NO_PIC = NO;
				GCC_NO_COMMON_BLOCKS = YES;
				GCC_OPTIMIZATION_LEVEL = 0;
				GCC_PREPROCESSOR_DEFINITIONS = (
					"DEBUG=1",
					"$(inherited)",
				);
				GCC_WARN_64_TO_32_BIT_CONVERSION = YES;
				GCC_WARN_ABOUT_RETURN_TYPE = YES_ERROR;
				GCC_WARN_UNDECLARED_SELECTOR = YES;
				GCC_WARN_UNINITIALIZED_AUTOS = YES_AGGRESSIVE;
				GCC_WARN_UNUSED_FUNCTION = YES;
				GCC_WARN_UNUSED_VARIABLE = YES;
				IPHONEOS_DEPLOYMENT_TARGET = 9.2;
				MTL_ENABLE_DEBUG_INFO = YES;
				ONLY_ACTIVE_ARCH = YES;
				SDKROOT = iphoneos;
				SWIFT_OPTIMIZATION_LEVEL = "-Onone";
				TARGETED_DEVICE_FAMILY = "1,2";
			};
			name = Debug;
		};
		371E65DA1BF9301E009A1040 /* Release */ = {
			isa = XCBuildConfiguration;
			buildSettings = {
				ALWAYS_SEARCH_USER_PATHS = NO;
				CLANG_CXX_LANGUAGE_STANDARD = "gnu++0x";
				CLANG_CXX_LIBRARY = "libc++";
				CLANG_ENABLE_MODULES = YES;
				CLANG_ENABLE_OBJC_ARC = YES;
				CLANG_WARN_BOOL_CONVERSION = YES;
				CLANG_WARN_CONSTANT_CONVERSION = YES;
				CLANG_WARN_DIRECT_OBJC_ISA_USAGE = YES_ERROR;
				CLANG_WARN_EMPTY_BODY = YES;
				CLANG_WARN_ENUM_CONVERSION = YES;
				CLANG_WARN_INT_CONVERSION = YES;
				CLANG_WARN_OBJC_ROOT_CLASS = YES_ERROR;
				CLANG_WARN_UNREACHABLE_CODE = YES;
				CLANG_WARN__DUPLICATE_METHOD_MATCH = YES;
				"CODE_SIGN_IDENTITY[sdk=iphoneos*]" = "iPhone Developer";
				COPY_PHASE_STRIP = NO;
				DEBUG_INFORMATION_FORMAT = "dwarf-with-dsym";
				ENABLE_NS_ASSERTIONS = NO;
				ENABLE_STRICT_OBJC_MSGSEND = YES;
				GCC_C_LANGUAGE_STANDARD = gnu99;
				GCC_NO_COMMON_BLOCKS = YES;
				GCC_WARN_64_TO_32_BIT_CONVERSION = YES;
				GCC_WARN_ABOUT_RETURN_TYPE = YES_ERROR;
				GCC_WARN_UNDECLARED_SELECTOR = YES;
				GCC_WARN_UNINITIALIZED_AUTOS = YES_AGGRESSIVE;
				GCC_WARN_UNUSED_FUNCTION = YES;
				GCC_WARN_UNUSED_VARIABLE = YES;
				IPHONEOS_DEPLOYMENT_TARGET = 9.2;
				MTL_ENABLE_DEBUG_INFO = NO;
				SDKROOT = iphoneos;
				TARGETED_DEVICE_FAMILY = "1,2";
				VALIDATE_PRODUCT = YES;
			};
			name = Release;
		};
		371E65DC1BF9301E009A1040 /* Debug */ = {
			isa = XCBuildConfiguration;
			buildSettings = {
				ASSETCATALOG_COMPILER_APPICON_NAME = AppIcon;
				FRAMEWORK_SEARCH_PATHS = (
					"$(inherited)",
					"$(PROJECT_DIR)/Carthage/Build/iOS",
				);
				INFOPLIST_FILE = MongoDBExplorer/Info.plist;
				LD_RUNPATH_SEARCH_PATHS = "$(inherited) @executable_path/Frameworks";
				PRODUCT_BUNDLE_IDENTIFIER = me.dvappel.MongoDBExplorer;
				PRODUCT_NAME = "$(TARGET_NAME)";
			};
			name = Debug;
		};
		371E65DD1BF9301E009A1040 /* Release */ = {
			isa = XCBuildConfiguration;
			buildSettings = {
				ASSETCATALOG_COMPILER_APPICON_NAME = AppIcon;
				FRAMEWORK_SEARCH_PATHS = (
					"$(inherited)",
					"$(PROJECT_DIR)/Carthage/Build/iOS",
				);
				INFOPLIST_FILE = MongoDBExplorer/Info.plist;
				LD_RUNPATH_SEARCH_PATHS = "$(inherited) @executable_path/Frameworks";
				PRODUCT_BUNDLE_IDENTIFIER = me.dvappel.MongoDBExplorer;
				PRODUCT_NAME = "$(TARGET_NAME)";
			};
			name = Release;
		};
/* End XCBuildConfiguration section */

/* Begin XCConfigurationList section */
		371E65C41BF9301E009A1040 /* Build configuration list for PBXProject "MongoDBExplorer" */ = {
			isa = XCConfigurationList;
			buildConfigurations = (
				371E65D91BF9301E009A1040 /* Debug */,
				371E65DA1BF9301E009A1040 /* Release */,
			);
			defaultConfigurationIsVisible = 0;
			defaultConfigurationName = Release;
		};
		371E65DB1BF9301E009A1040 /* Build configuration list for PBXNativeTarget "MongoDBExplorer" */ = {
			isa = XCConfigurationList;
			buildConfigurations = (
				371E65DC1BF9301E009A1040 /* Debug */,
				371E65DD1BF9301E009A1040 /* Release */,
			);
			defaultConfigurationIsVisible = 0;
			defaultConfigurationName = Release;
		};
/* End XCConfigurationList section */
	};
	rootObject = 371E65C11BF9301E009A1040 /* Project object */;
}
